
Microsoft Visual Studio Solution File, Format Version 12.00
# Visual Studio Version 17
VisualStudioVersion = 17.1.32328.378
MinimumVisualStudioVersion = 10.0.40219.1
Project("{FAE04EC0-301F-11D3-BF4B-00C04F79EFBC}") = "ExcelFunctionRegex", "ExcelFunctionRegex\ExcelFunctionRegex.csproj", "{5FA35099-B895-44EB-AB7E-9F6FE94A9034}"
EndProject
Global
	GlobalSection(SolutionConfigurationPlatforms) = preSolution
		Debug|Any CPU = Debug|Any CPU
		Release|Any CPU = Release|Any CPU
	EndGlobalSection
	GlobalSection(ProjectConfigurationPlatforms) = postSolution
		{5FA35099-B895-44EB-AB7E-9F6FE94A9034}.Debug|Any CPU.ActiveCfg = Debug|Any CPU
		{5FA35099-B895-44EB-AB7E-9F6FE94A9034}.Debug|Any CPU.Build.0 = Debug|Any CPU
		{5FA35099-B895-44EB-AB7E-9F6FE94A9034}.Release|Any CPU.ActiveCfg = Release|Any CPU
		{5FA35099-B895-44EB-AB7E-9F6FE94A9034}.Release|Any CPU.Build.0 = Release|Any CPU
	EndGlobalSection
	GlobalSection(SolutionProperties) = preSolution
		HideSolutionNode = FALSE
	EndGlobalSection
	GlobalSection(ExtensibilityGlobals) = postSolution
		SolutionGuid = {CBC7AD03-907A-422C-9F55-57E524B02F17}
	EndGlobalSection
EndGlobal
